
Microsoft Visual Studio Solution File, Format Version 12.00
# Visual Studio Version 16
VisualStudioVersion = 16.0.31729.503
MinimumVisualStudioVersion = 10.0.40219.1
Project("{FAE04EC0-301F-11D3-BF4B-00C04F79EFBC}") = "CatLast", "CatLast\CatLast.csproj", "{7823E5E7-6611-42F1-8EA7-B0C60D7A608E}"
EndProject
Global
	GlobalSection(SolutionConfigurationPlatforms) = preSolution
		Debug|Any CPU = Debug|Any CPU
		Release|Any CPU = Release|Any CPU
	EndGlobalSection
	GlobalSection(ProjectConfigurationPlatforms) = postSolution
		{7823E5E7-6611-42F1-8EA7-B0C60D7A608E}.Debug|Any CPU.ActiveCfg = Debug|Any CPU
		{7823E5E7-6611-42F1-8EA7-B0C60D7A608E}.Debug|Any CPU.Build.0 = Debug|Any CPU
		{7823E5E7-6611-42F1-8EA7-B0C60D7A608E}.Release|Any CPU.ActiveCfg = Release|Any CPU
		{7823E5E7-6611-42F1-8EA7-B0C60D7A608E}.Release|Any CPU.Build.0 = Release|Any CPU
	EndGlobalSection
	GlobalSection(SolutionProperties) = preSolution
		HideSolutionNode = FALSE
	EndGlobalSection
	GlobalSection(ExtensibilityGlobals) = postSolution
		SolutionGuid = {52CE864D-9BF4-4AFC-BF7B-D3677817F021}
	EndGlobalSection
EndGlobal
